
Microsoft Visual Studio Solution File, Format Version 12.00
# Visual Studio Version 17
VisualStudioVersion = 17.2.32630.192
MinimumVisualStudioVersion = 10.0.40219.1
Project("{FAE04EC0-301F-11D3-BF4B-00C04F79EFBC}") = "Brave_New_World", "Brave_New_World\Brave_New_World.csproj", "{46395998-C46D-44A7-9A13-0F882DF11A45}"
EndProject
Global
	GlobalSection(SolutionConfigurationPlatforms) = preSolution
		Debug|Any CPU = Debug|Any CPU
		Release|Any CPU = Release|Any CPU
	EndGlobalSection
	GlobalSection(ProjectConfigurationPlatforms) = postSolution
		{46395998-C46D-44A7-9A13-0F882DF11A45}.Debug|Any CPU.ActiveCfg = Debug|Any CPU
		{46395998-C46D-44A7-9A13-0F882DF11A45}.Debug|Any CPU.Build.0 = Debug|Any CPU
		{46395998-C46D-44A7-9A13-0F882DF11A45}.Release|Any CPU.ActiveCfg = Release|Any CPU
		{46395998-C46D-44A7-9A13-0F882DF11A45}.Release|Any CPU.Build.0 = Release|Any CPU
	EndGlobalSection
	GlobalSection(SolutionProperties) = preSolution
		HideSolutionNode = FALSE
	EndGlobalSection
	GlobalSection(ExtensibilityGlobals) = postSolution
		SolutionGuid = {5E732E29-B6BF-4E63-8EDA-149908E2DFF4}
	EndGlobalSection
EndGlobal
